
Microsoft Visual Studio Solution File, Format Version 12.00
# Visual Studio Version 16
VisualStudioVersion = 16.0.30907.101
MinimumVisualStudioVersion = 10.0.40219.1
Project("{9A19103F-16F7-4668-BE54-9A1E7A4F7556}") = "ProjektDjAladar", "ProjektDjAladar.csproj", "{CC9DE97C-0B2D-4788-9C72-8DDF0F12E55E}"
EndProject
Global
	GlobalSection(SolutionConfigurationPlatforms) = preSolution
		Debug|Any CPU = Debug|Any CPU
		Release|Any CPU = Release|Any CPU
	EndGlobalSection
	GlobalSection(ProjectConfigurationPlatforms) = postSolution
		{CC9DE97C-0B2D-4788-9C72-8DDF0F12E55E}.Debug|Any CPU.ActiveCfg = Debug|Any CPU
		{CC9DE97C-0B2D-4788-9C72-8DDF0F12E55E}.Debug|Any CPU.Build.0 = Debug|Any CPU
		{CC9DE97C-0B2D-4788-9C72-8DDF0F12E55E}.Release|Any CPU.ActiveCfg = Release|Any CPU
		{CC9DE97C-0B2D-4788-9C72-8DDF0F12E55E}.Release|Any CPU.Build.0 = Release|Any CPU
	EndGlobalSection
	GlobalSection(SolutionProperties) = preSolution
		HideSolutionNode = FALSE
	EndGlobalSection
	GlobalSection(ExtensibilityGlobals) = postSolution
		SolutionGuid = {F034E68C-B20A-43A6-9955-9642BC01DDEF}
	EndGlobalSection
EndGlobal
